# Code generated by scarb DO NOT EDIT.
version = 1

[[package]]
name = "alexandria_data_structures"
version = "0.2.0"
source = "git+https://github.com/keep-starknet-strange/alexandria#085f17c87cf6d168032ef5840c39b8e18012284f"
dependencies = [
 "alexandria_encoding",
]

[[package]]
name = "alexandria_encoding"
version = "0.1.0"
source = "git+https://github.com/keep-starknet-strange/alexandria#085f17c87cf6d168032ef5840c39b8e18012284f"
dependencies = [
 "alexandria_math",
 "alexandria_numeric",
]

[[package]]
name = "alexandria_math"
version = "0.2.0"
source = "git+https://github.com/keep-starknet-strange/alexandria#085f17c87cf6d168032ef5840c39b8e18012284f"
dependencies = [
 "alexandria_data_structures",
]

[[package]]
name = "alexandria_merkle_tree"
version = "0.1.0"
source = "git+https://github.com/keep-starknet-strange/alexandria#085f17c87cf6d168032ef5840c39b8e18012284f"

[[package]]
name = "alexandria_numeric"
version = "0.1.0"
source = "git+https://github.com/keep-starknet-strange/alexandria#085f17c87cf6d168032ef5840c39b8e18012284f"
dependencies = [
 "alexandria_math",
]

[[package]]
name = "cartridge_account"
version = "0.1.0"
dependencies = [
 "openzeppelin",
 "snforge_std",
 "webauthn_auth",
 "webauthn_session",
]

[[package]]
name = "openzeppelin"
version = "0.8.0-beta.0"
source = "git+https://github.com/OpenZeppelin/cairo-contracts.git?tag=v0.8.0-beta.0#4c95981a7178e43730f152c85a92336dc6a22d62"

[[package]]
name = "snforge_std"
version = "0.1.0"
source = "git+https://github.com/foundry-rs/starknet-foundry?tag=v0.7.1#d1bd8b9a361d437e8eaeb4ebffac291a48b4c920"

[[package]]
name = "webauthn_auth"
version = "0.1.0"
dependencies = [
 "alexandria_encoding",
]

[[package]]
name = "webauthn_session"
version = "0.1.0"
dependencies = [
 "alexandria_data_structures",
 "alexandria_encoding",
 "alexandria_merkle_tree",
]
