# Code generated by scarb DO NOT EDIT.
version = 1

[[package]]
name = "alexandria_data_structures"
version = "0.1.0"
source = "git+https://github.com/keep-starknet-strange/alexandria#db4e0210be279d6e5fc1ec12855c4cae051b0990"
dependencies = [
 "alexandria_encoding",
]

[[package]]
name = "alexandria_encoding"
version = "0.1.0"
source = "git+https://github.com/keep-starknet-strange/alexandria#db4e0210be279d6e5fc1ec12855c4cae051b0990"
dependencies = [
 "alexandria_math",
]

[[package]]
name = "alexandria_math"
version = "0.2.0"
source = "git+https://github.com/keep-starknet-strange/alexandria#db4e0210be279d6e5fc1ec12855c4cae051b0990"
dependencies = [
 "alexandria_data_structures",
]

[[package]]
name = "webauthn_auth"
version = "0.1.0"
dependencies = [
 "alexandria_encoding",
]

[[package]]
name = "webauthn_session"
version = "0.1.0"
dependencies = [
 "alexandria_data_structures",
 "alexandria_encoding",
]
