# Code generated by scarb DO NOT EDIT.
version = 1

[[package]]
name = "alexandria_data_structures"
version = "0.2.0"
source = "git+https://github.com/keep-starknet-strange/alexandria#085f17c87cf6d168032ef5840c39b8e18012284f"
dependencies = [
 "alexandria_encoding",
]

[[package]]
name = "alexandria_encoding"
version = "0.1.0"
source = "git+https://github.com/keep-starknet-strange/alexandria#085f17c87cf6d168032ef5840c39b8e18012284f"
dependencies = [
 "alexandria_math",
 "alexandria_numeric",
]

[[package]]
name = "alexandria_math"
version = "0.2.0"
source = "git+https://github.com/keep-starknet-strange/alexandria#085f17c87cf6d168032ef5840c39b8e18012284f"
dependencies = [
 "alexandria_data_structures",
]

[[package]]
name = "alexandria_merkle_tree"
version = "0.1.0"
source = "git+https://github.com/keep-starknet-strange/alexandria#085f17c87cf6d168032ef5840c39b8e18012284f"

[[package]]
name = "alexandria_numeric"
version = "0.1.0"
source = "git+https://github.com/keep-starknet-strange/alexandria#085f17c87cf6d168032ef5840c39b8e18012284f"
dependencies = [
 "alexandria_math",
]

[[package]]
name = "webauthn_auth"
version = "0.1.0"
dependencies = [
 "alexandria_encoding",
]

[[package]]
name = "webauthn_session"
version = "0.1.0"
dependencies = [
 "alexandria_data_structures",
 "alexandria_encoding",
 "alexandria_merkle_tree",
]
